
Microsoft Visual Studio Solution File, Format Version 12.00
# Visual Studio Version 16
VisualStudioVersion = 16.0.35931.194
MinimumVisualStudioVersion = 10.0.40219.1
Project("{FAE04EC0-301F-11D3-BF4B-00C04F79EFBC}") = "firstApp", "firstApp\firstApp.csproj", "{73083741-E440-426A-AF17-51209331E895}"
EndProject
Global
	GlobalSection(SolutionConfigurationPlatforms) = preSolution
		Debug|Any CPU = Debug|Any CPU
		Release|Any CPU = Release|Any CPU
	EndGlobalSection
	GlobalSection(ProjectConfigurationPlatforms) = postSolution
		{73083741-E440-426A-AF17-51209331E895}.Debug|Any CPU.ActiveCfg = Debug|Any CPU
		{73083741-E440-426A-AF17-51209331E895}.Debug|Any CPU.Build.0 = Debug|Any CPU
		{73083741-E440-426A-AF17-51209331E895}.Release|Any CPU.ActiveCfg = Release|Any CPU
		{73083741-E440-426A-AF17-51209331E895}.Release|Any CPU.Build.0 = Release|Any CPU
	EndGlobalSection
	GlobalSection(SolutionProperties) = preSolution
		HideSolutionNode = FALSE
	EndGlobalSection
	GlobalSection(ExtensibilityGlobals) = postSolution
		SolutionGuid = {9DF7C5EF-FBBC-4A4E-A39C-502BA25108C2}
	EndGlobalSection
EndGlobal
